
Microsoft Visual Studio Solution File, Format Version 12.00
# Visual Studio Version 17
VisualStudioVersion = 17.14.36310.24 d17.14
MinimumVisualStudioVersion = 10.0.40219.1
Project("{F2A71F9B-5D33-465A-A702-920D77279786}") = "ConsoleApp3", "ConsoleApp3\ConsoleApp3.fsproj", "{008FD6D5-DAF0-478E-A783-F6B143BF7F34}"
EndProject
Global
	GlobalSection(SolutionConfigurationPlatforms) = preSolution
		Debug|Any CPU = Debug|Any CPU
		Release|Any CPU = Release|Any CPU
	EndGlobalSection
	GlobalSection(ProjectConfigurationPlatforms) = postSolution
		{008FD6D5-DAF0-478E-A783-F6B143BF7F34}.Debug|Any CPU.ActiveCfg = Debug|Any CPU
		{008FD6D5-DAF0-478E-A783-F6B143BF7F34}.Debug|Any CPU.Build.0 = Debug|Any CPU
		{008FD6D5-DAF0-478E-A783-F6B143BF7F34}.Release|Any CPU.ActiveCfg = Release|Any CPU
		{008FD6D5-DAF0-478E-A783-F6B143BF7F34}.Release|Any CPU.Build.0 = Release|Any CPU
	EndGlobalSection
	GlobalSection(SolutionProperties) = preSolution
		HideSolutionNode = FALSE
	EndGlobalSection
	GlobalSection(ExtensibilityGlobals) = postSolution
		SolutionGuid = {8369F589-3907-4155-B2D4-C795A8FC13A5}
	EndGlobalSection
EndGlobal
